# This file is automatically @generated by Cargo.
# It is not intended for manual editing.
version = 4

[[package]]
name = "maestro-cli"
version = "0.1.0"
dependencies = [
 "maestro-supervisor",
 "maestro-wire",
]

[[package]]
name = "maestro-ledger"
version = "0.1.0"
dependencies = [
 "maestro-wire",
]

[[package]]
name = "maestro-policy"
version = "0.1.0"
dependencies = [
 "maestro-wire",
]

[[package]]
name = "maestro-sink"
version = "0.1.0"
dependencies = [
 "maestro-ledger",
 "maestro-wire",
]

[[package]]
name = "maestro-supervisor"
version = "0.1.0"
dependencies = [
 "maestro-ledger",
 "maestro-policy",
 "maestro-sink",
 "maestro-wire",
]

[[package]]
name = "maestro-wire"
version = "0.1.0"
